// !$*UTF8*$!
{
	archiveVersion = 1;
	classes = {
	};
	objectVersion = 46;
	objects = {

/* Begin PBXBuildFile section */
		1A6B4009151CC7F80039C67F /* UIKit.framework in Frameworks */ = {isa = PBXBuildFile; fileRef = 1A6B4008151CC7F80039C67F /* UIKit.framework */; };
		1A6B400B151CC7F80039C67F /* Foundation.framework in Frameworks */ = {isa = PBXBuildFile; fileRef = 1A6B400A151CC7F80039C67F /* Foundation.framework */; };
		1A6B400D151CC7F80039C67F /* CoreGraphics.framework in Frameworks */ = {isa = PBXBuildFile; fileRef = 1A6B400C151CC7F80039C67F /* CoreGraphics.framework */; };
		1A6B4013151CC7F80039C67F /* InfoPlist.strings in Resources */ = {isa = PBXBuildFile; fileRef = 1A6B4011151CC7F80039C67F /* InfoPlist.strings */; };
		1A6B4015151CC7F80039C67F /* main.m in Sources */ = {isa = PBXBuildFile; fileRef = 1A6B4014151CC7F80039C67F /* main.m */; };
		1A6B4019151CC7F80039C67F /* BIDAppDelegate.m in Sources */ = {isa = PBXBuildFile; fileRef = 1A6B4018151CC7F80039C67F /* BIDAppDelegate.m */; };
		1A6B401C151CC7F80039C67F /* BIDViewController.m in Sources */ = {isa = PBXBuildFile; fileRef = 1A6B401B151CC7F80039C67F /* BIDViewController.m */; };
		1A6B401F151CC7F80039C67F /* BIDViewController.xib in Resources */ = {isa = PBXBuildFile; fileRef = 1A6B401D151CC7F80039C67F /* BIDViewController.xib */; };
/* End PBXBuildFile section */

/* Begin PBXFileReference section */
		1A6B4004151CC7F80039C67F /* Button Fun.app */ = {isa = PBXFileReference; explicitFileType = wrapper.application; includeInIndex = 0; path = "Button Fun.app"; sourceTree = BUILT_PRODUCTS_DIR; };
		1A6B4008151CC7F80039C67F /* UIKit.framework */ = {isa = PBXFileReference; lastKnownFileType = wrapper.framework; name = UIKit.framework; path = System/Library/Frameworks/UIKit.framework; sourceTree = SDKROOT; };
		1A6B400A151CC7F80039C67F /* Foundation.framework */ = {isa = PBXFileReference; lastKnownFileType = wrapper.framework; name = Foundation.framework; path = System/Library/Frameworks/Foundation.framework; sourceTree = SDKROOT; };
		1A6B400C151CC7F80039C67F /* CoreGraphics.framework */ = {isa = PBXFileReference; lastKnownFileType = wrapper.framework; name = CoreGraphics.framework; path = System/Library/Frameworks/CoreGraphics.framework; sourceTree = SDKROOT; };
		1A6B4010151CC7F80039C67F /* Button Fun-Info.plist */ = {isa = PBXFileReference; lastKnownFileType = text.plist.xml; path = "Button Fun-Info.plist"; sourceTree = "<group>"; };
		1A6B4012151CC7F80039C67F /* en */ = {isa = PBXFileReference; lastKnownFileType = text.plist.strings; name = en; path = en.lproj/InfoPlist.strings; sourceTree = "<group>"; };
		1A6B4014151CC7F80039C67F /* main.m */ = {isa = PBXFileReference; lastKnownFileType = sourcecode.c.objc; path = main.m; sourceTree = "<group>"; };
		1A6B4016151CC7F80039C67F /* Button Fun-Prefix.pch */ = {isa = PBXFileReference; lastKnownFileType = sourcecode.c.h; path = "Button Fun-Prefix.pch"; sourceTree = "<group>"; };
		1A6B4017151CC7F80039C67F /* BIDAppDelegate.h */ = {isa = PBXFileReference; lastKnownFileType = sourcecode.c.h; path = BIDAppDelegate.h; sourceTree = "<group>"; };
		1A6B4018151CC7F80039C67F /* BIDAppDelegate.m */ = {isa = PBXFileReference; lastKnownFileType = sourcecode.c.objc; path = BIDAppDelegate.m; sourceTree = "<group>"; };
		1A6B401A151CC7F80039C67F /* BIDViewController.h */ = {isa = PBXFileReference; lastKnownFileType = sourcecode.c.h; path = BIDViewController.h; sourceTree = "<group>"; };
		1A6B401B151CC7F80039C67F /* BIDViewController.m */ = {isa = PBXFileReference; lastKnownFileType = sourcecode.c.objc; path = BIDViewController.m; sourceTree = "<group>"; };
		1A6B401E151CC7F80039C67F /* en */ = {isa = PBXFileReference; lastKnownFileType = file.xib; name = en; path = en.lproj/BIDViewController.xib; sourceTree = "<group>"; };
/* End PBXFileReference section */

/* Begin PBXFrameworksBuildPhase section */
		1A6B4001151CC7F80039C67F /* Frameworks */ = {
			isa = PBXFrameworksBuildPhase;
			buildActionMask = 2147483647;
			files = (
				1A6B4009151CC7F80039C67F /* UIKit.framework in Frameworks */,
				1A6B400B151CC7F80039C67F /* Foundation.framework in Frameworks */,
				1A6B400D151CC7F80039C67F /* CoreGraphics.framework in Frameworks */,
			);
			runOnlyForDeploymentPostprocessing = 0;
		};
/* End PBXFrameworksBuildPhase section */

/* Begin PBXGroup section */
		1A6B3FF9151CC7F80039C67F = {
			isa = PBXGroup;
			children = (
				1A6B400E151CC7F80039C67F /* Button Fun */,
				1A6B4007151CC7F80039C67F /* Frameworks */,
				1A6B4005151CC7F80039C67F /* Products */,
			);
			sourceTree = "<group>";
		};
		1A6B4005151CC7F80039C67F /* Products */ = {
			isa = PBXGroup;
			children = (
				1A6B4004151CC7F80039C67F /* Button Fun.app */,
			);
			name = Products;
			sourceTree = "<group>";
		};
		1A6B4007151CC7F80039C67F /* Frameworks */ = {
			isa = PBXGroup;
			children = (
				1A6B4008151CC7F80039C67F /* UIKit.framework */,
				1A6B400A151CC7F80039C67F /* Foundation.framework */,
				1A6B400C151CC7F80039C67F /* CoreGraphics.framework */,
			);
			name = Frameworks;
			sourceTree = "<group>";
		};
		1A6B400E151CC7F80039C67F /* Button Fun */ = {
			isa = PBXGroup;
			children = (
				1A6B4017151CC7F80039C67F /* BIDAppDelegate.h */,
				1A6B4018151CC7F80039C67F /* BIDAppDelegate.m */,
				1A6B401A151CC7F80039C67F /* BIDViewController.h */,
				1A6B401B151CC7F80039C67F /* BIDViewController.m */,
				1A6B401D151CC7F80039C67F /* BIDViewController.xib */,
				1A6B400F151CC7F80039C67F /* Supporting Files */,
			);
			path = "Button Fun";
			sourceTree = "<group>";
		};
		1A6B400F151CC7F80039C67F /* Supporting Files */ = {
			isa = PBXGroup;
			children = (
				1A6B4010151CC7F80039C67F /* Button Fun-Info.plist */,
				1A6B4011151CC7F80039C67F /* InfoPlist.strings */,
				1A6B4014151CC7F80039C67F /* main.m */,
				1A6B4016151CC7F80039C67F /* Button Fun-Prefix.pch */,
			);
			name = "Supporting Files";
			sourceTree = "<group>";
		};
/* End PBXGroup section */

/* Begin PBXNativeTarget section */
		1A6B4003151CC7F80039C67F /* Button Fun */ = {
			isa = PBXNativeTarget;
			buildConfigurationList = 1A6B4022151CC7F80039C67F /* Build configuration list for PBXNativeTarget "Button Fun" */;
			buildPhases = (
				1A6B4000151CC7F80039C67F /* Sources */,
				1A6B4001151CC7F80039C67F /* Frameworks */,
				1A6B4002151CC7F80039C67F /* Resources */,
			);
			buildRules = (
			);
			dependencies = (
			);
			name = "Button Fun";
			productName = "Button Fun";
			productReference = 1A6B4004151CC7F80039C67F /* Button Fun.app */;
			productType = "com.apple.product-type.application";
		};
/* End PBXNativeTarget section */

/* Begin PBXProject section */
		1A6B3FFB151CC7F80039C67F /* Project object */ = {
			isa = PBXProject;
			attributes = {
				LastUpgradeCheck = 0420;
			};
			buildConfigurationList = 1A6B3FFE151CC7F80039C67F /* Build configuration list for PBXProject "Button Fun" */;
			compatibilityVersion = "Xcode 3.2";
			developmentRegion = English;
			hasScannedForEncodings = 0;
			knownRegions = (
				en,
			);
			mainGroup = 1A6B3FF9151CC7F80039C67F;
			productRefGroup = 1A6B4005151CC7F80039C67F /* Products */;
			projectDirPath = "";
			projectRoot = "";
			targets = (
				1A6B4003151CC7F80039C67F /* Button Fun */,
			);
		};
/* End PBXProject section */

/* Begin PBXResourcesBuildPhase section */
		1A6B4002151CC7F80039C67F /* Resources */ = {
			isa = PBXResourcesBuildPhase;
			buildActionMask = 2147483647;
			files = (
				1A6B4013151CC7F80039C67F /* InfoPlist.strings in Resources */,
				1A6B401F151CC7F80039C67F /* BIDViewController.xib in Resources */,
			);
			runOnlyForDeploymentPostprocessing = 0;
		};
/* End PBXResourcesBuildPhase section */

/* Begin PBXSourcesBuildPhase section */
		1A6B4000151CC7F80039C67F /* Sources */ = {
			isa = PBXSourcesBuildPhase;
			buildActionMask = 2147483647;
			files = (
				1A6B4015151CC7F80039C67F /* main.m in Sources */,
				1A6B4019151CC7F80039C67F /* BIDAppDelegate.m in Sources */,
				1A6B401C151CC7F80039C67F /* BIDViewController.m in Sources */,
			);
			runOnlyForDeploymentPostprocessing = 0;
		};
/* End PBXSourcesBuildPhase section */

/* Begin PBXVariantGroup section */
		1A6B4011151CC7F80039C67F /* InfoPlist.strings */ = {
			isa = PBXVariantGroup;
			children = (
				1A6B4012151CC7F80039C67F /* en */,
			);
			name = InfoPlist.strings;
			sourceTree = "<group>";
		};
		1A6B401D151CC7F80039C67F /* BIDViewController.xib */ = {
			isa = PBXVariantGroup;
			children = (
				1A6B401E151CC7F80039C67F /* en */,
			);
			name = BIDViewController.xib;
			sourceTree = "<group>";
		};
/* End PBXVariantGroup section */

/* Begin XCBuildConfiguration section */
		1A6B4020151CC7F80039C67F /* Debug */ = {
			isa = XCBuildConfiguration;
			buildSettings = {
				ALWAYS_SEARCH_USER_PATHS = NO;
				ARCHS = "$(ARCHS_STANDARD_32_BIT)";
				CLANG_ENABLE_OBJC_ARC = YES;
				"CODE_SIGN_IDENTITY[sdk=iphoneos*]" = "iPhone Developer";
				COPY_PHASE_STRIP = NO;
				GCC_C_LANGUAGE_STANDARD = gnu99;
				GCC_DYNAMIC_NO_PIC = NO;
				GCC_OPTIMIZATION_LEVEL = 0;
				GCC_PREPROCESSOR_DEFINITIONS = (
					"DEBUG=1",
					"$(inherited)",
				);
				GCC_SYMBOLS_PRIVATE_EXTERN = NO;
				GCC_VERSION = com.apple.compilers.llvm.clang.1_0;
				GCC_WARN_ABOUT_MISSING_PROTOTYPES = YES;
				GCC_WARN_ABOUT_RETURN_TYPE = YES;
				GCC_WARN_UNUSED_VARIABLE = YES;
				IPHONEOS_DEPLOYMENT_TARGET = 5.0;
				SDKROOT = iphoneos;
			};
			name = Debug;
		};
		1A6B4021151CC7F80039C67F /* Release */ = {
			isa = XCBuildConfiguration;
			buildSettings = {
				ALWAYS_SEARCH_USER_PATHS = NO;
				ARCHS = "$(ARCHS_STANDARD_32_BIT)";
				CLANG_ENABLE_OBJC_ARC = YES;
				"CODE_SIGN_IDENTITY[sdk=iphoneos*]" = "iPhone Developer";
				COPY_PHASE_STRIP = YES;
				GCC_C_LANGUAGE_STANDARD = gnu99;
				GCC_VERSION = com.apple.compilers.llvm.clang.1_0;
				GCC_WARN_ABOUT_MISSING_PROTOTYPES = YES;
				GCC_WARN_ABOUT_RETURN_TYPE = YES;
				GCC_WARN_UNUSED_VARIABLE = YES;
				IPHONEOS_DEPLOYMENT_TARGET = 5.0;
				OTHER_CFLAGS = "-DNS_BLOCK_ASSERTIONS=1";
				SDKROOT = iphoneos;
				VALIDATE_PRODUCT = YES;
			};
			name = Release;
		};
		1A6B4023151CC7F80039C67F /* Debug */ = {
			isa = XCBuildConfiguration;
			buildSettings = {
				GCC_PRECOMPILE_PREFIX_HEADER = YES;
				GCC_PREFIX_HEADER = "Button Fun/Button Fun-Prefix.pch";
				INFOPLIST_FILE = "Button Fun/Button Fun-Info.plist";
				PRODUCT_NAME = "$(TARGET_NAME)";
				WRAPPER_EXTENSION = app;
			};
			name = Debug;
		};
		1A6B4024151CC7F80039C67F /* Release */ = {
			isa = XCBuildConfiguration;
			buildSettings = {
				GCC_PRECOMPILE_PREFIX_HEADER = YES;
				GCC_PREFIX_HEADER = "Button Fun/Button Fun-Prefix.pch";
				INFOPLIST_FILE = "Button Fun/Button Fun-Info.plist";
				PRODUCT_NAME = "$(TARGET_NAME)";
				WRAPPER_EXTENSION = app;
			};
			name = Release;
		};
/* End XCBuildConfiguration section */

/* Begin XCConfigurationList section */
		1A6B3FFE151CC7F80039C67F /* Build configuration list for PBXProject "Button Fun" */ = {
			isa = XCConfigurationList;
			buildConfigurations = (
				1A6B4020151CC7F80039C67F /* Debug */,
				1A6B4021151CC7F80039C67F /* Release */,
			);
			defaultConfigurationIsVisible = 0;
			defaultConfigurationName = Release;
		};
		1A6B4022151CC7F80039C67F /* Build configuration list for PBXNativeTarget "Button Fun" */ = {
			isa = XCConfigurationList;
			buildConfigurations = (
				1A6B4023151CC7F80039C67F /* Debug */,
				1A6B4024151CC7F80039C67F /* Release */,
			);
			defaultConfigurationIsVisible = 0;
		};
/* End XCConfigurationList section */
	};
	rootObject = 1A6B3FFB151CC7F80039C67F /* Project object */;
}
